Microsoft Visual Studio Solution File, Format Version 7.00
Project("{8BC9CEB8-8B4A-11D0-8D11-00A0C91BC942}") = "Design 0", "Design 1.vcproj", "{C0E70F08-11C8-4587-938D-9EFB81A9B82F}"
EndProject
Project("{8BC9CEB8-8B4A-11D0-8D11-00A0C91BC942}") = "CV", "..\..\..\..\..\..\Program Files\OpenCV\cv\make\cv.vcproj", "{CD65E1D6-684C-40F5-9580-0CF7B37FE9BD}"
EndProject
Project("{8BC9CEB8-8B4A-11D0-8D11-00A0C91BC942}") = "HighGUI", "..\..\..\..\..\..\Program Files\OpenCV\otherlibs\highgui\highgui.vcproj", "{821EC854-1179-47BE-8842-F273A46B8E54}"
EndProject
Project("{8BC9CEB8-8B4A-11D0-8D11-00A0C91BC942}") = "cvaux", "..\..\..\..\..\..\Program Files\OpenCV\cvaux\make\cvaux.vcproj", "{645FDE19-D07B-4141-9FDF-B848CB630C58}"
EndProject
Project("{8BC9CEB8-8B4A-11D0-8D11-00A0C91BC942}") = "cvcam", "..\..\..\..\..\..\Program Files\OpenCV\otherlibs\cvcam\make_win\cvcam.vcproj", "{0CA96984-2F15-46EA-B185-47337E9CFF0D}"
EndProject
Global
	GlobalSection(SourceCodeControl) = preSolution
		SccNumberOfProjects = 6
		SccProjectName0 = \u0022$/Design\u00201\u0022,\u0020WRAAAAAA
		SccLocalPath0 = ..\\..\\..\\..\\..\\..
		SccProvider0 = MSSCCI:Microsoft\u0020Visual\u0020SourceSafe
		CanCheckoutShared = false
		SccProjectFilePathRelativizedFromConnection0 = Documents\u0020and\u0020Settings\\Jason\u0020Morganson\\My\u0020Documents\\Visual\u0020Studio\u0020Projects\\Prototype\\Design\u00201\\
		SolutionUniqueID = {79790AB9-016C-495F-ACDF-E21DFDE5B23F}
		SccProjectUniqueName1 = ..\\..\\..\\..\\..\\..\\Program\u0020Files\\OpenCV\\cv\\make\\cv.vcproj
		SccLocalPath1 = ..\\..\\..\\..\\..\\..
		CanCheckoutShared = false
		SccProjectFilePathRelativizedFromConnection1 = Program\u0020Files\\OpenCV\\cv\\make\\
		SccProjectUniqueName2 = ..\\..\\..\\..\\..\\..\\Program\u0020Files\\OpenCV\\cvaux\\make\\cvaux.vcproj
		SccLocalPath2 = ..\\..\\..\\..\\..\\..
		CanCheckoutShared = false
		SccProjectFilePathRelativizedFromConnection2 = Program\u0020Files\\OpenCV\\cvaux\\make\\
		SccProjectUniqueName3 = ..\\..\\..\\..\\..\\..\\Program\u0020Files\\OpenCV\\otherlibs\\cvcam\\make_win\\cvcam.vcproj
		SccLocalPath3 = ..\\..\\..\\..\\..\\..
		CanCheckoutShared = false
		SccProjectFilePathRelativizedFromConnection3 = Program\u0020Files\\OpenCV\\otherlibs\\cvcam\\make_win\\
		SccProjectUniqueName4 = ..\\..\\..\\..\\..\\..\\Program\u0020Files\\OpenCV\\otherlibs\\highgui\\highgui.vcproj
		SccLocalPath4 = ..\\..\\..\\..\\..\\..
		CanCheckoutShared = false
		SccProjectFilePathRelativizedFromConnection4 = Program\u0020Files\\OpenCV\\otherlibs\\highgui\\
		SccProjectUniqueName5 = Design\u00201.vcproj
		SccLocalPath5 = ..\\..\\..\\..\\..\\..
		CanCheckoutShared = false
		SccProjectFilePathRelativizedFromConnection5 = Documents\u0020and\u0020Settings\\Jason\u0020Morganson\\My\u0020Documents\\Visual\u0020Studio\u0020Projects\\Prototype\\Design\u00201\\
	EndGlobalSection
	GlobalSection(SolutionConfiguration) = preSolution
		ConfigName.0 = Debug
		ConfigName.1 = MIL Debug
		ConfigName.2 = MIL Release
		ConfigName.3 = Release
	EndGlobalSection
	GlobalSection(ProjectDependencies) = postSolution
		{C0E70F08-11C8-4587-938D-9EFB81A9B82F}.0 = {CD65E1D6-684C-40F5-9580-0CF7B37FE9BD}
		{C0E70F08-11C8-4587-938D-9EFB81A9B82F}.1 = {821EC854-1179-47BE-8842-F273A46B8E54}
		{C0E70F08-11C8-4587-938D-9EFB81A9B82F}.2 = {0CA96984-2F15-46EA-B185-47337E9CFF0D}
		{C0E70F08-11C8-4587-938D-9EFB81A9B82F}.3 = {645FDE19-D07B-4141-9FDF-B848CB630C58}
		{821EC854-1179-47BE-8842-F273A46B8E54}.0 = {CD65E1D6-684C-40F5-9580-0CF7B37FE9BD}
		{645FDE19-D07B-4141-9FDF-B848CB630C58}.0 = {CD65E1D6-684C-40F5-9580-0CF7B37FE9BD}
		{0CA96984-2F15-46EA-B185-47337E9CFF0D}.0 = {CD65E1D6-684C-40F5-9580-0CF7B37FE9BD}
	EndGlobalSection
	GlobalSection(ProjectConfiguration) = postSolution
		{C0E70F08-11C8-4587-938D-9EFB81A9B82F}.Debug.ActiveCfg = Debug|Win32
		{C0E70F08-11C8-4587-938D-9EFB81A9B82F}.Debug.Build.0 = Debug|Win32
		{C0E70F08-11C8-4587-938D-9EFB81A9B82F}.MIL Debug.ActiveCfg = Debug|Win32
		{C0E70F08-11C8-4587-938D-9EFB81A9B82F}.MIL Debug.Build.0 = Debug|Win32
		{C0E70F08-11C8-4587-938D-9EFB81A9B82F}.MIL Release.ActiveCfg = Release|Win32
		{C0E70F08-11C8-4587-938D-9EFB81A9B82F}.MIL Release.Build.0 = Release|Win32
		{C0E70F08-11C8-4587-938D-9EFB81A9B82F}.Release.ActiveCfg = Release|Win32
		{C0E70F08-11C8-4587-938D-9EFB81A9B82F}.Release.Build.0 = Release|Win32
		{CD65E1D6-684C-40F5-9580-0CF7B37FE9BD}.Debug.ActiveCfg = Debug|Win32
		{CD65E1D6-684C-40F5-9580-0CF7B37FE9BD}.Debug.Build.0 = Debug|Win32
		{CD65E1D6-684C-40F5-9580-0CF7B37FE9BD}.MIL Debug.ActiveCfg = Debug|Win32
		{CD65E1D6-684C-40F5-9580-0CF7B37FE9BD}.MIL Debug.Build.0 = Debug|Win32
		{CD65E1D6-684C-40F5-9580-0CF7B37FE9BD}.MIL Release.ActiveCfg = Release|Win32
		{CD65E1D6-684C-40F5-9580-0CF7B37FE9BD}.MIL Release.Build.0 = Release|Win32
		{CD65E1D6-684C-40F5-9580-0CF7B37FE9BD}.Release.ActiveCfg = Release|Win32
		{CD65E1D6-684C-40F5-9580-0CF7B37FE9BD}.Release.Build.0 = Release|Win32
		{821EC854-1179-47BE-8842-F273A46B8E54}.Debug.ActiveCfg = Debug|Win32
		{821EC854-1179-47BE-8842-F273A46B8E54}.Debug.Build.0 = Debug|Win32
		{821EC854-1179-47BE-8842-F273A46B8E54}.MIL Debug.ActiveCfg = MIL Debug|Win32
		{821EC854-1179-47BE-8842-F273A46B8E54}.MIL Debug.Build.0 = MIL Debug|Win32
		{821EC854-1179-47BE-8842-F273A46B8E54}.MIL Release.ActiveCfg = MIL Release|Win32
		{821EC854-1179-47BE-8842-F273A46B8E54}.MIL Release.Build.0 = MIL Release|Win32
		{821EC854-1179-47BE-8842-F273A46B8E54}.Release.ActiveCfg = Release|Win32
		{821EC854-1179-47BE-8842-F273A46B8E54}.Release.Build.0 = Release|Win32
		{645FDE19-D07B-4141-9FDF-B848CB630C58}.Debug.ActiveCfg = Debug|Win32
		{645FDE19-D07B-4141-9FDF-B848CB630C58}.Debug.Build.0 = Debug|Win32
		{645FDE19-D07B-4141-9FDF-B848CB630C58}.MIL Debug.ActiveCfg = Debug|Win32
		{645FDE19-D07B-4141-9FDF-B848CB630C58}.MIL Debug.Build.0 = Debug|Win32
		{645FDE19-D07B-4141-9FDF-B848CB630C58}.MIL Release.ActiveCfg = Release|Win32
		{645FDE19-D07B-4141-9FDF-B848CB630C58}.MIL Release.Build.0 = Release|Win32
		{645FDE19-D07B-4141-9FDF-B848CB630C58}.Release.ActiveCfg = Release|Win32
		{645FDE19-D07B-4141-9FDF-B848CB630C58}.Release.Build.0 = Release|Win32
		{0CA96984-2F15-46EA-B185-47337E9CFF0D}.Debug.ActiveCfg = Debug|Win32
		{0CA96984-2F15-46EA-B185-47337E9CFF0D}.Debug.Build.0 = Debug|Win32
		{0CA96984-2F15-46EA-B185-47337E9CFF0D}.MIL Debug.ActiveCfg = Debug|Win32
		{0CA96984-2F15-46EA-B185-47337E9CFF0D}.MIL Debug.Build.0 = Debug|Win32
		{0CA96984-2F15-46EA-B185-47337E9CFF0D}.MIL Release.ActiveCfg = Release|Win32
		{0CA96984-2F15-46EA-B185-47337E9CFF0D}.MIL Release.Build.0 = Release|Win32
		{0CA96984-2F15-46EA-B185-47337E9CFF0D}.Release.ActiveCfg = Release|Win32
		{0CA96984-2F15-46EA-B185-47337E9CFF0D}.Release.Build.0 = Release|Win32
	EndGlobalSection
	GlobalSection(ExtensibilityGlobals) = postSolution
	EndGlobalSection
	GlobalSection(ExtensibilityAddIns) = postSolution
	EndGlobalSection
EndGlobal
