Microsoft Visual Studio Solution File, Format Version 7.00
Project("{8BC9CEB8-8B4A-11D0-8D11-00A0C91BC942}") = "CV", "..\..\..\..\..\..\Program Files\OpenCV\cv\make\cv.vcproj", "{CD65E1D6-684C-40F5-9580-0CF7B37FE9BD}"
EndProject
Project("{8BC9CEB8-8B4A-11D0-8D11-00A0C91BC942}") = "HighGUI", "..\..\..\..\..\..\Program Files\OpenCV\otherlibs\highgui\highgui.vcproj", "{821EC854-1179-47BE-8842-F273A46B8E54}"
EndProject
Project("{8BC9CEB8-8B4A-11D0-8D11-00A0C91BC942}") = "cvaux", "..\..\..\..\..\..\Program Files\OpenCV\cvaux\make\cvaux.vcproj", "{645FDE19-D07B-4141-9FDF-B848CB630C58}"
EndProject
Project("{8BC9CEB8-8B4A-11D0-8D11-00A0C91BC942}") = "cvcam", "..\..\..\..\..\..\Program Files\OpenCV\otherlibs\cvcam\make_win\cvcam.vcproj", "{0CA96984-2F15-46EA-B185-47337E9CFF0D}"
EndProject
Project("{8BC9CEB8-8B4A-11D0-8D11-00A0C91BC942}") = "StereoCam", "StereoCam.vcproj", "{C7A25832-D33A-451C-B545-CF4985CF27BF}"
EndProject
Global
	GlobalSection(SolutionConfiguration) = preSolution
		ConfigName.0 = Debug
		ConfigName.1 = MIL Debug
		ConfigName.2 = MIL Release
		ConfigName.3 = Release
	EndGlobalSection
	GlobalSection(ProjectDependencies) = postSolution
		{821EC854-1179-47BE-8842-F273A46B8E54}.0 = {CD65E1D6-684C-40F5-9580-0CF7B37FE9BD}
		{645FDE19-D07B-4141-9FDF-B848CB630C58}.0 = {CD65E1D6-684C-40F5-9580-0CF7B37FE9BD}
		{0CA96984-2F15-46EA-B185-47337E9CFF0D}.0 = {CD65E1D6-684C-40F5-9580-0CF7B37FE9BD}
		{C7A25832-D33A-451C-B545-CF4985CF27BF}.0 = {CD65E1D6-684C-40F5-9580-0CF7B37FE9BD}
		{C7A25832-D33A-451C-B545-CF4985CF27BF}.1 = {0CA96984-2F15-46EA-B185-47337E9CFF0D}
		{C7A25832-D33A-451C-B545-CF4985CF27BF}.2 = {821EC854-1179-47BE-8842-F273A46B8E54}
		{C7A25832-D33A-451C-B545-CF4985CF27BF}.3 = {645FDE19-D07B-4141-9FDF-B848CB630C58}
	EndGlobalSection
	GlobalSection(ProjectConfiguration) = postSolution
		{CD65E1D6-684C-40F5-9580-0CF7B37FE9BD}.Debug.ActiveCfg = Debug|Win32
		{CD65E1D6-684C-40F5-9580-0CF7B37FE9BD}.Debug.Build.0 = Debug|Win32
		{CD65E1D6-684C-40F5-9580-0CF7B37FE9BD}.MIL Debug.ActiveCfg = Debug|Win32
		{CD65E1D6-684C-40F5-9580-0CF7B37FE9BD}.MIL Debug.Build.0 = Debug|Win32
		{CD65E1D6-684C-40F5-9580-0CF7B37FE9BD}.MIL Release.ActiveCfg = Release|Win32
		{CD65E1D6-684C-40F5-9580-0CF7B37FE9BD}.MIL Release.Build.0 = Release|Win32
		{CD65E1D6-684C-40F5-9580-0CF7B37FE9BD}.Release.ActiveCfg = Release|Win32
		{CD65E1D6-684C-40F5-9580-0CF7B37FE9BD}.Release.Build.0 = Release|Win32
		{821EC854-1179-47BE-8842-F273A46B8E54}.Debug.ActiveCfg = Debug|Win32
		{821EC854-1179-47BE-8842-F273A46B8E54}.Debug.Build.0 = Debug|Win32
		{821EC854-1179-47BE-8842-F273A46B8E54}.MIL Debug.ActiveCfg = MIL Debug|Win32
		{821EC854-1179-47BE-8842-F273A46B8E54}.MIL Debug.Build.0 = MIL Debug|Win32
		{821EC854-1179-47BE-8842-F273A46B8E54}.MIL Release.ActiveCfg = MIL Release|Win32
		{821EC854-1179-47BE-8842-F273A46B8E54}.MIL Release.Build.0 = MIL Release|Win32
		{821EC854-1179-47BE-8842-F273A46B8E54}.Release.ActiveCfg = Release|Win32
		{821EC854-1179-47BE-8842-F273A46B8E54}.Release.Build.0 = Release|Win32
		{645FDE19-D07B-4141-9FDF-B848CB630C58}.Debug.ActiveCfg = Debug|Win32
		{645FDE19-D07B-4141-9FDF-B848CB630C58}.Debug.Build.0 = Debug|Win32
		{645FDE19-D07B-4141-9FDF-B848CB630C58}.MIL Debug.ActiveCfg = Debug|Win32
		{645FDE19-D07B-4141-9FDF-B848CB630C58}.MIL Debug.Build.0 = Debug|Win32
		{645FDE19-D07B-4141-9FDF-B848CB630C58}.MIL Release.ActiveCfg = Release|Win32
		{645FDE19-D07B-4141-9FDF-B848CB630C58}.MIL Release.Build.0 = Release|Win32
		{645FDE19-D07B-4141-9FDF-B848CB630C58}.Release.ActiveCfg = Release|Win32
		{645FDE19-D07B-4141-9FDF-B848CB630C58}.Release.Build.0 = Release|Win32
		{0CA96984-2F15-46EA-B185-47337E9CFF0D}.Debug.ActiveCfg = Debug|Win32
		{0CA96984-2F15-46EA-B185-47337E9CFF0D}.Debug.Build.0 = Debug|Win32
		{0CA96984-2F15-46EA-B185-47337E9CFF0D}.MIL Debug.ActiveCfg = Debug|Win32
		{0CA96984-2F15-46EA-B185-47337E9CFF0D}.MIL Debug.Build.0 = Debug|Win32
		{0CA96984-2F15-46EA-B185-47337E9CFF0D}.MIL Release.ActiveCfg = Release|Win32
		{0CA96984-2F15-46EA-B185-47337E9CFF0D}.MIL Release.Build.0 = Release|Win32
		{0CA96984-2F15-46EA-B185-47337E9CFF0D}.Release.ActiveCfg = Release|Win32
		{0CA96984-2F15-46EA-B185-47337E9CFF0D}.Release.Build.0 = Release|Win32
		{C7A25832-D33A-451C-B545-CF4985CF27BF}.Debug.ActiveCfg = Debug|Win32
		{C7A25832-D33A-451C-B545-CF4985CF27BF}.Debug.Build.0 = Debug|Win32
		{C7A25832-D33A-451C-B545-CF4985CF27BF}.MIL Debug.ActiveCfg = Debug|Win32
		{C7A25832-D33A-451C-B545-CF4985CF27BF}.MIL Debug.Build.0 = Debug|Win32
		{C7A25832-D33A-451C-B545-CF4985CF27BF}.MIL Release.ActiveCfg = Release|Win32
		{C7A25832-D33A-451C-B545-CF4985CF27BF}.MIL Release.Build.0 = Release|Win32
		{C7A25832-D33A-451C-B545-CF4985CF27BF}.Release.ActiveCfg = Release|Win32
		{C7A25832-D33A-451C-B545-CF4985CF27BF}.Release.Build.0 = Release|Win32
	EndGlobalSection
	GlobalSection(ExtensibilityGlobals) = postSolution
	EndGlobalSection
	GlobalSection(ExtensibilityAddIns) = postSolution
	EndGlobalSection
EndGlobal
