Microsoft Visual Studio Solution File, Format Version 7.00
Global
	GlobalSection(SolutionConfiguration) = preSolution
	EndGlobalSection
	GlobalSection(ProjectDependencies) = postSolution
	EndGlobalSection
	GlobalSection(ProjectConfiguration) = postSolution
	EndGlobalSection
	GlobalSection(SolutionItems) = postSolution
		Item:1 = acameracalibration.cpp
		Item:2 = achesscorners.cpp
		Item:3 = agesturerecognition.cpp
		Item:4 = agesturerecognition.h
		Item:5 = cvtest.h
		Item:6 = Main.cpp
	EndGlobalSection
	GlobalSection(ExtensibilityGlobals) = postSolution
	EndGlobalSection
	GlobalSection(ExtensibilityAddIns) = postSolution
	EndGlobalSection
EndGlobal
